// !$*UTF8*$!
{
	archiveVersion = 1;
	classes = {
	};
	objectVersion = 55;
	objects = {

/* Begin PBXBuildFile section */
		3B1849EF2827A72D00A67365 /* IDEIcons in Frameworks */ = {isa = PBXBuildFile; productRef = 3B1849EE2827A72D00A67365 /* IDEIcons */; };
		3B641D972821F3340017F11D /* CapsuleUIExampleApp.swift in Sources */ = {isa = PBXBuildFile; fileRef = 3B641D962821F3340017F11D /* CapsuleUIExampleApp.swift */; };
		3B641DAA2821F3A30017F11D /* CapsuleUI in Frameworks */ = {isa = PBXBuildFile; productRef = 3B641DA92821F3A30017F11D /* CapsuleUI */; };
		3BB653A62BA8B83400FB6963 /* CapsuleTable+Previews.swift in Sources */ = {isa = PBXBuildFile; fileRef = 3BB653A52BA8B83300FB6963 /* CapsuleTable+Previews.swift */; };
/* End PBXBuildFile section */

/* Begin PBXFileReference section */
		3B641D932821F3340017F11D /* CapsuleUIExample.app */ = {isa = PBXFileReference; explicitFileType = wrapper.application; includeInIndex = 0; path = CapsuleUIExample.app; sourceTree = BUILT_PRODUCTS_DIR; };
		3B641D962821F3340017F11D /* CapsuleUIExampleApp.swift */ = {isa = PBXFileReference; lastKnownFileType = sourcecode.swift; path = CapsuleUIExampleApp.swift; sourceTree = "<group>"; };
		3B641DA72821F37F0017F11D /* capsule-ui */ = {isa = PBXFileReference; lastKnownFileType = wrapper; name = "capsule-ui"; path = ..; sourceTree = "<group>"; };
		3BB653A52BA8B83300FB6963 /* CapsuleTable+Previews.swift */ = {isa = PBXFileReference; fileEncoding = 4; lastKnownFileType = sourcecode.swift; name = "CapsuleTable+Previews.swift"; path = "../Sources/CapsuleUI/CapsuleTable+Previews.swift"; sourceTree = "<group>"; };
/* End PBXFileReference section */

/* Begin PBXFrameworksBuildPhase section */
		3B641D902821F3340017F11D /* Frameworks */ = {
			isa = PBXFrameworksBuildPhase;
			buildActionMask = 2147483647;
			files = (
				3B1849EF2827A72D00A67365 /* IDEIcons in Frameworks */,
				3B641DAA2821F3A30017F11D /* CapsuleUI in Frameworks */,
			);
			runOnlyForDeploymentPostprocessing = 0;
		};
/* End PBXFrameworksBuildPhase section */

/* Begin PBXGroup section */
		3B641D8A2821F3340017F11D = {
			isa = PBXGroup;
			children = (
				3B641D962821F3340017F11D /* CapsuleUIExampleApp.swift */,
				3BB653A52BA8B83300FB6963 /* CapsuleTable+Previews.swift */,
				3B641DA52821F3610017F11D /* Packages */,
				3B641D942821F3340017F11D /* Products */,
			);
			sourceTree = "<group>";
		};
		3B641D942821F3340017F11D /* Products */ = {
			isa = PBXGroup;
			children = (
				3B641D932821F3340017F11D /* CapsuleUIExample.app */,
			);
			name = Products;
			sourceTree = "<group>";
		};
		3B641DA52821F3610017F11D /* Packages */ = {
			isa = PBXGroup;
			children = (
				3B641DA72821F37F0017F11D /* capsule-ui */,
			);
			name = Packages;
			sourceTree = "<group>";
		};
/* End PBXGroup section */

/* Begin PBXNativeTarget section */
		3B641D922821F3340017F11D /* CapsuleUIExample */ = {
			isa = PBXNativeTarget;
			buildConfigurationList = 3B641DA22821F3370017F11D /* Build configuration list for PBXNativeTarget "CapsuleUIExample" */;
			buildPhases = (
				3B641D8F2821F3340017F11D /* Sources */,
				3B641D902821F3340017F11D /* Frameworks */,
				3B641D912821F3340017F11D /* Resources */,
			);
			buildRules = (
			);
			dependencies = (
			);
			name = CapsuleUIExample;
			packageProductDependencies = (
				3B641DA92821F3A30017F11D /* CapsuleUI */,
				3B1849EE2827A72D00A67365 /* IDEIcons */,
			);
			productName = CapsuleUIExample;
			productReference = 3B641D932821F3340017F11D /* CapsuleUIExample.app */;
			productType = "com.apple.product-type.application";
		};
/* End PBXNativeTarget section */

/* Begin PBXProject section */
		3B641D8B2821F3340017F11D /* Project object */ = {
			isa = PBXProject;
			attributes = {
				BuildIndependentTargetsInParallel = 1;
				LastSwiftUpdateCheck = 1330;
				LastUpgradeCheck = 1330;
				TargetAttributes = {
					3B641D922821F3340017F11D = {
						CreatedOnToolsVersion = 13.3.1;
					};
				};
			};
			buildConfigurationList = 3B641D8E2821F3340017F11D /* Build configuration list for PBXProject "CapsuleUIExample" */;
			compatibilityVersion = "Xcode 13.0";
			developmentRegion = en;
			hasScannedForEncodings = 0;
			knownRegions = (
				en,
				Base,
			);
			mainGroup = 3B641D8A2821F3340017F11D;
			packageReferences = (
				3B1849ED2827A72D00A67365 /* XCRemoteSwiftPackageReference "ide-icons" */,
			);
			productRefGroup = 3B641D942821F3340017F11D /* Products */;
			projectDirPath = "";
			projectRoot = "";
			targets = (
				3B641D922821F3340017F11D /* CapsuleUIExample */,
			);
		};
/* End PBXProject section */

/* Begin PBXResourcesBuildPhase section */
		3B641D912821F3340017F11D /* Resources */ = {
			isa = PBXResourcesBuildPhase;
			buildActionMask = 2147483647;
			files = (
			);
			runOnlyForDeploymentPostprocessing = 0;
		};
/* End PBXResourcesBuildPhase section */

/* Begin PBXSourcesBuildPhase section */
		3B641D8F2821F3340017F11D /* Sources */ = {
			isa = PBXSourcesBuildPhase;
			buildActionMask = 2147483647;
			files = (
				3B641D972821F3340017F11D /* CapsuleUIExampleApp.swift in Sources */,
				3BB653A62BA8B83400FB6963 /* CapsuleTable+Previews.swift in Sources */,
			);
			runOnlyForDeploymentPostprocessing = 0;
		};
/* End PBXSourcesBuildPhase section */

/* Begin XCBuildConfiguration section */
		3B641DA02821F3370017F11D /* Debug */ = {
			isa = XCBuildConfiguration;
			buildSettings = {
				ALWAYS_SEARCH_USER_PATHS = NO;
				CLANG_ANALYZER_NONNULL = YES;
				CLANG_ANALYZER_NUMBER_OBJECT_CONVERSION = YES_AGGRESSIVE;
				CLANG_CXX_LANGUAGE_STANDARD = "gnu++17";
				CLANG_ENABLE_MODULES = YES;
				CLANG_ENABLE_OBJC_ARC = YES;
				CLANG_ENABLE_OBJC_WEAK = YES;
				CLANG_WARN_BLOCK_CAPTURE_AUTORELEASING = YES;
				CLANG_WARN_BOOL_CONVERSION = YES;
				CLANG_WARN_COMMA = YES;
				CLANG_WARN_CONSTANT_CONVERSION = YES;
				CLANG_WARN_DEPRECATED_OBJC_IMPLEMENTATIONS = YES;
				CLANG_WARN_DIRECT_OBJC_ISA_USAGE = YES_ERROR;
				CLANG_WARN_DOCUMENTATION_COMMENTS = YES;
				CLANG_WARN_EMPTY_BODY = YES;
				CLANG_WARN_ENUM_CONVERSION = YES;
				CLANG_WARN_INFINITE_RECURSION = YES;
				CLANG_WARN_INT_CONVERSION = YES;
				CLANG_WARN_NON_LITERAL_NULL_CONVERSION = YES;
				CLANG_WARN_OBJC_IMPLICIT_RETAIN_SELF = YES;
				CLANG_WARN_OBJC_LITERAL_CONVERSION = YES;
				CLANG_WARN_OBJC_ROOT_CLASS = YES_ERROR;
				CLANG_WARN_QUOTED_INCLUDE_IN_FRAMEWORK_HEADER = YES;
				CLANG_WARN_RANGE_LOOP_ANALYSIS = YES;
				CLANG_WARN_STRICT_PROTOTYPES = YES;
				CLANG_WARN_SUSPICIOUS_MOVE = YES;
				CLANG_WARN_UNGUARDED_AVAILABILITY = YES_AGGRESSIVE;
				CLANG_WARN_UNREACHABLE_CODE = YES;
				CLANG_WARN__DUPLICATE_METHOD_MATCH = YES;
				COPY_PHASE_STRIP = NO;
				DEBUG_INFORMATION_FORMAT = dwarf;
				ENABLE_STRICT_OBJC_MSGSEND = YES;
				ENABLE_TESTABILITY = YES;
				GCC_C_LANGUAGE_STANDARD = gnu11;
				GCC_DYNAMIC_NO_PIC = NO;
				GCC_NO_COMMON_BLOCKS = YES;
				GCC_OPTIMIZATION_LEVEL = 0;
				GCC_PREPROCESSOR_DEFINITIONS = (
					"DEBUG=1",
					"$(inherited)",
				);
				GCC_WARN_64_TO_32_BIT_CONVERSION = YES;
				GCC_WARN_ABOUT_RETURN_TYPE = YES_ERROR;
				GCC_WARN_UNDECLARED_SELECTOR = YES;
				GCC_WARN_UNINITIALIZED_AUTOS = YES_AGGRESSIVE;
				GCC_WARN_UNUSED_FUNCTION = YES;
				GCC_WARN_UNUSED_VARIABLE = YES;
				MACOSX_DEPLOYMENT_TARGET = 12.3;
				MTL_ENABLE_DEBUG_INFO = INCLUDE_SOURCE;
				MTL_FAST_MATH = YES;
				ONLY_ACTIVE_ARCH = YES;
				SDKROOT = macosx;
				SWIFT_ACTIVE_COMPILATION_CONDITIONS = DEBUG;
				SWIFT_OPTIMIZATION_LEVEL = "-Onone";
			};
			name = Debug;
		};
		3B641DA12821F3370017F11D /* Release */ = {
			isa = XCBuildConfiguration;
			buildSettings = {
				ALWAYS_SEARCH_USER_PATHS = NO;
				CLANG_ANALYZER_NONNULL = YES;
				CLANG_ANALYZER_NUMBER_OBJECT_CONVERSION = YES_AGGRESSIVE;
				CLANG_CXX_LANGUAGE_STANDARD = "gnu++17";
				CLANG_ENABLE_MODULES = YES;
				CLANG_ENABLE_OBJC_ARC = YES;
				CLANG_ENABLE_OBJC_WEAK = YES;
				CLANG_WARN_BLOCK_CAPTURE_AUTORELEASING = YES;
				CLANG_WARN_BOOL_CONVERSION = YES;
				CLANG_WARN_COMMA = YES;
				CLANG_WARN_CONSTANT_CONVERSION = YES;
				CLANG_WARN_DEPRECATED_OBJC_IMPLEMENTATIONS = YES;
				CLANG_WARN_DIRECT_OBJC_ISA_USAGE = YES_ERROR;
				CLANG_WARN_DOCUMENTATION_COMMENTS = YES;
				CLANG_WARN_EMPTY_BODY = YES;
				CLANG_WARN_ENUM_CONVERSION = YES;
				CLANG_WARN_INFINITE_RECURSION = YES;
				CLANG_WARN_INT_CONVERSION = YES;
				CLANG_WARN_NON_LITERAL_NULL_CONVERSION = YES;
				CLANG_WARN_OBJC_IMPLICIT_RETAIN_SELF = YES;
				CLANG_WARN_OBJC_LITERAL_CONVERSION = YES;
				CLANG_WARN_OBJC_ROOT_CLASS = YES_ERROR;
				CLANG_WARN_QUOTED_INCLUDE_IN_FRAMEWORK_HEADER = YES;
				CLANG_WARN_RANGE_LOOP_ANALYSIS = YES;
				CLANG_WARN_STRICT_PROTOTYPES = YES;
				CLANG_WARN_SUSPICIOUS_MOVE = YES;
				CLANG_WARN_UNGUARDED_AVAILABILITY = YES_AGGRESSIVE;
				CLANG_WARN_UNREACHABLE_CODE = YES;
				CLANG_WARN__DUPLICATE_METHOD_MATCH = YES;
				COPY_PHASE_STRIP = NO;
				DEBUG_INFORMATION_FORMAT = "dwarf-with-dsym";
				ENABLE_NS_ASSERTIONS = NO;
				ENABLE_STRICT_OBJC_MSGSEND = YES;
				GCC_C_LANGUAGE_STANDARD = gnu11;
				GCC_NO_COMMON_BLOCKS = YES;
				GCC_WARN_64_TO_32_BIT_CONVERSION = YES;
				GCC_WARN_ABOUT_RETURN_TYPE = YES_ERROR;
				GCC_WARN_UNDECLARED_SELECTOR = YES;
				GCC_WARN_UNINITIALIZED_AUTOS = YES_AGGRESSIVE;
				GCC_WARN_UNUSED_FUNCTION = YES;
				GCC_WARN_UNUSED_VARIABLE = YES;
				MACOSX_DEPLOYMENT_TARGET = 12.3;
				MTL_ENABLE_DEBUG_INFO = NO;
				MTL_FAST_MATH = YES;
				SDKROOT = macosx;
				SWIFT_COMPILATION_MODE = wholemodule;
				SWIFT_OPTIMIZATION_LEVEL = "-O";
			};
			name = Release;
		};
		3B641DA32821F3370017F11D /* Debug */ = {
			isa = XCBuildConfiguration;
			buildSettings = {
				ASSETCATALOG_COMPILER_APPICON_NAME = AppIcon;
				ASSETCATALOG_COMPILER_GLOBAL_ACCENT_COLOR_NAME = AccentColor;
				CODE_SIGN_STYLE = Automatic;
				COMBINE_HIDPI_IMAGES = YES;
				CURRENT_PROJECT_VERSION = 1;
				ENABLE_PREVIEWS = YES;
				GENERATE_INFOPLIST_FILE = YES;
				INFOPLIST_KEY_NSHumanReadableCopyright = "";
				LD_RUNPATH_SEARCH_PATHS = (
					"$(inherited)",
					"@executable_path/../Frameworks",
				);
				MARKETING_VERSION = 1.0;
				PRODUCT_BUNDLE_IDENTIFIER = local.CapsuleUIExample;
				PRODUCT_NAME = "$(TARGET_NAME)";
				SWIFT_EMIT_LOC_STRINGS = YES;
				SWIFT_VERSION = 5.0;
			};
			name = Debug;
		};
		3B641DA42821F3370017F11D /* Release */ = {
			isa = XCBuildConfiguration;
			buildSettings = {
				ASSETCATALOG_COMPILER_APPICON_NAME = AppIcon;
				ASSETCATALOG_COMPILER_GLOBAL_ACCENT_COLOR_NAME = AccentColor;
				CODE_SIGN_STYLE = Automatic;
				COMBINE_HIDPI_IMAGES = YES;
				CURRENT_PROJECT_VERSION = 1;
				ENABLE_PREVIEWS = YES;
				GENERATE_INFOPLIST_FILE = YES;
				INFOPLIST_KEY_NSHumanReadableCopyright = "";
				LD_RUNPATH_SEARCH_PATHS = (
					"$(inherited)",
					"@executable_path/../Frameworks",
				);
				MARKETING_VERSION = 1.0;
				PRODUCT_BUNDLE_IDENTIFIER = local.CapsuleUIExample;
				PRODUCT_NAME = "$(TARGET_NAME)";
				SWIFT_EMIT_LOC_STRINGS = YES;
				SWIFT_VERSION = 5.0;
			};
			name = Release;
		};
/* End XCBuildConfiguration section */

/* Begin XCConfigurationList section */
		3B641D8E2821F3340017F11D /* Build configuration list for PBXProject "CapsuleUIExample" */ = {
			isa = XCConfigurationList;
			buildConfigurations = (
				3B641DA02821F3370017F11D /* Debug */,
				3B641DA12821F3370017F11D /* Release */,
			);
			defaultConfigurationIsVisible = 0;
			defaultConfigurationName = Release;
		};
		3B641DA22821F3370017F11D /* Build configuration list for PBXNativeTarget "CapsuleUIExample" */ = {
			isa = XCConfigurationList;
			buildConfigurations = (
				3B641DA32821F3370017F11D /* Debug */,
				3B641DA42821F3370017F11D /* Release */,
			);
			defaultConfigurationIsVisible = 0;
			defaultConfigurationName = Release;
		};
/* End XCConfigurationList section */

/* Begin XCRemoteSwiftPackageReference section */
		3B1849ED2827A72D00A67365 /* XCRemoteSwiftPackageReference "ide-icons" */ = {
			isa = XCRemoteSwiftPackageReference;
			repositoryURL = "https://github.com/freyaariel/ide-icons";
			requirement = {
				branch = main;
				kind = branch;
			};
		};
/* End XCRemoteSwiftPackageReference section */

/* Begin XCSwiftPackageProductDependency section */
		3B1849EE2827A72D00A67365 /* IDEIcons */ = {
			isa = XCSwiftPackageProductDependency;
			package = 3B1849ED2827A72D00A67365 /* XCRemoteSwiftPackageReference "ide-icons" */;
			productName = IDEIcons;
		};
		3B641DA92821F3A30017F11D /* CapsuleUI */ = {
			isa = XCSwiftPackageProductDependency;
			productName = CapsuleUI;
		};
/* End XCSwiftPackageProductDependency section */
	};
	rootObject = 3B641D8B2821F3340017F11D /* Project object */;
}
