{
  "object": {
    "pins": [
      {
        "package": "ide-icons",
        "repositoryURL": "https://github.com/freyaariel/ide-icons",
        "state": {
          "branch": "main",
          "revision": "cd1ccc000d3a35c76a751e0ad424967fe606b939",
          "version": null
        }
      }
    ]
  },
  "version": 1
}
